
Microsoft Visual Studio Solution File, Format Version 12.00
# Visual Studio Version 16
VisualStudioVersion = 16.0.28407.52
MinimumVisualStudioVersion = 10.0.40219.1
Project("{FAE04EC0-301F-11D3-BF4B-00C04F79EFBC}") = "DaveBot", "DaveBot\DaveBot.csproj", "{F9207B12-D84C-4241-A2BD-83FCA7CF9662}"
EndProject
Project("{2150E333-8FDC-42A3-9474-1A3956D46DE8}") = "Solution Items", "Solution Items", "{D92BF516-1FB1-4297-AFE9-3C4558A5CA43}"
	ProjectSection(SolutionItems) = preProject
		.travis.yml = .travis.yml
		NuGet.Config = NuGet.Config
		README.md = README.md
	EndProjectSection
EndProject
Global
	GlobalSection(SolutionConfigurationPlatforms) = preSolution
		Debug|Any CPU = Debug|Any CPU
		PublicRelease|Any CPU = PublicRelease|Any CPU
		Release|Any CPU = Release|Any CPU
	EndGlobalSection
	GlobalSection(ProjectConfigurationPlatforms) = postSolution
		{F9207B12-D84C-4241-A2BD-83FCA7CF9662}.Debug|Any CPU.ActiveCfg = Debug|Any CPU
		{F9207B12-D84C-4241-A2BD-83FCA7CF9662}.Debug|Any CPU.Build.0 = Debug|Any CPU
		{F9207B12-D84C-4241-A2BD-83FCA7CF9662}.PublicRelease|Any CPU.ActiveCfg = PublicRelease|Any CPU
		{F9207B12-D84C-4241-A2BD-83FCA7CF9662}.PublicRelease|Any CPU.Build.0 = PublicRelease|Any CPU
		{F9207B12-D84C-4241-A2BD-83FCA7CF9662}.Release|Any CPU.ActiveCfg = Release|Any CPU
		{F9207B12-D84C-4241-A2BD-83FCA7CF9662}.Release|Any CPU.Build.0 = Release|Any CPU
	EndGlobalSection
	GlobalSection(SolutionProperties) = preSolution
		HideSolutionNode = FALSE
	EndGlobalSection
	GlobalSection(ExtensibilityGlobals) = postSolution
		SolutionGuid = {ADC3F9D1-7A1F-47C3-B6CE-50BDCEF2F505}
	EndGlobalSection
EndGlobal
